// !$*UTF8*$!
{
	archiveVersion = 1;
	classes = {
	};
	objectVersion = 77;
	objects = {

/* Begin PBXBuildFile section */
		9CE511412E3F91E70003FDB2 /* Podfile in Resources */ = {isa = PBXBuildFile; fileRef = 9CE511402E3F91E70003FDB2 /* Podfile */; };
		9CED85822E596D3A00AD70BF /* OpenAPIRuntime in Frameworks */ = {isa = PBXBuildFile; productRef = 9CED85812E596D3A00AD70BF /* OpenAPIRuntime */; };
		9CED85852E596D5200AD70BF /* OpenAPIURLSession in Frameworks */ = {isa = PBXBuildFile; productRef = 9CED85842E596D5200AD70BF /* OpenAPIURLSession */; };
		A08858DB1029285F71939CF4 /* Pods_WONNIT.framework in Frameworks */ = {isa = PBXBuildFile; fileRef = 9B92BFD822A89131EA5CF33F /* Pods_WONNIT.framework */; };
/* End PBXBuildFile section */

/* Begin PBXFileReference section */
		997DCF414593A6ACE269B198 /* Pods-WONNIT.debug.xcconfig */ = {isa = PBXFileReference; includeInIndex = 1; lastKnownFileType = text.xcconfig; name = "Pods-WONNIT.debug.xcconfig"; path = "Target Support Files/Pods-WONNIT/Pods-WONNIT.debug.xcconfig"; sourceTree = "<group>"; };
		9B92BFD822A89131EA5CF33F /* Pods_WONNIT.framework */ = {isa = PBXFileReference; explicitFileType = wrapper.framework; includeInIndex = 0; path = Pods_WONNIT.framework; sourceTree = BUILT_PRODUCTS_DIR; };
		9CE511402E3F91E70003FDB2 /* Podfile */ = {isa = PBXFileReference; lastKnownFileType = text; path = Podfile; sourceTree = "<group>"; };
		9CE59C772E3CBBB60095C833 /* WONNIT.app */ = {isa = PBXFileReference; explicitFileType = wrapper.application; includeInIndex = 0; path = WONNIT.app; sourceTree = BUILT_PRODUCTS_DIR; };
		B4ADBC9F5A0D3AA19364338F /* Pods-WONNIT.release.xcconfig */ = {isa = PBXFileReference; includeInIndex = 1; lastKnownFileType = text.xcconfig; name = "Pods-WONNIT.release.xcconfig"; path = "Target Support Files/Pods-WONNIT/Pods-WONNIT.release.xcconfig"; sourceTree = "<group>"; };
		D011ED17C00001 /* Debug.xcconfig */ = {isa = PBXFileReference; lastKnownFileType = text.xcconfig; name = Debug.xcconfig; path = WONNIT/Config/Debug.xcconfig; sourceTree = SOURCE_ROOT; };
		D011ED17C00002 /* Release.xcconfig */ = {isa = PBXFileReference; lastKnownFileType = text.xcconfig; name = Release.xcconfig; path = WONNIT/Config/Release.xcconfig; sourceTree = SOURCE_ROOT; };
/* End PBXFileReference section */

/* Begin PBXFileSystemSynchronizedBuildFileExceptionSet section */
		9CE59CA12E3CFC5D0095C833 /* Exceptions for "WONNIT" folder in "WONNIT" target */ = {
			isa = PBXFileSystemSynchronizedBuildFileExceptionSet;
			membershipExceptions = (
				Config/Debug.xcconfig,
				Config/Release.xcconfig,
				Config/Secrets.xcconfig,
				Info.plist,
			);
			target = 9CE59C762E3CBBB60095C833 /* WONNIT */;
		};
/* End PBXFileSystemSynchronizedBuildFileExceptionSet section */

/* Begin PBXFileSystemSynchronizedRootGroup section */
		9CE59C792E3CBBB60095C833 /* WONNIT */ = {
			isa = PBXFileSystemSynchronizedRootGroup;
			exceptions = (
				9CE59CA12E3CFC5D0095C833 /* Exceptions for "WONNIT" folder in "WONNIT" target */,
			);
			path = WONNIT;
			sourceTree = "<group>";
		};
/* End PBXFileSystemSynchronizedRootGroup section */

/* Begin PBXFrameworksBuildPhase section */
		9CE59C742E3CBBB60095C833 /* Frameworks */ = {
			isa = PBXFrameworksBuildPhase;
			buildActionMask = 2147483647;
			files = (
				9CED85822E596D3A00AD70BF /* OpenAPIRuntime in Frameworks */,
				9CED85852E596D5200AD70BF /* OpenAPIURLSession in Frameworks */,
				A08858DB1029285F71939CF4 /* Pods_WONNIT.framework in Frameworks */,
			);
			runOnlyForDeploymentPostprocessing = 0;
		};
/* End PBXFrameworksBuildPhase section */

/* Begin PBXGroup section */
		470A3BE63A00B95CF1003077 /* Frameworks */ = {
			isa = PBXGroup;
			children = (
				9B92BFD822A89131EA5CF33F /* Pods_WONNIT.framework */,
			);
			name = Frameworks;
			sourceTree = "<group>";
		};
		9C4549B52E520402002C922B /* Recovered References */ = {
			isa = PBXGroup;
			children = (
				D011ED17C00001 /* Debug.xcconfig */,
				D011ED17C00002 /* Release.xcconfig */,
			);
			name = "Recovered References";
			sourceTree = "<group>";
		};
		9CC4CFEBBADB013A7B9562D3 /* Pods */ = {
			isa = PBXGroup;
			children = (
				997DCF414593A6ACE269B198 /* Pods-WONNIT.debug.xcconfig */,
				B4ADBC9F5A0D3AA19364338F /* Pods-WONNIT.release.xcconfig */,
			);
			path = Pods;
			sourceTree = "<group>";
		};
		9CE59C6E2E3CBBB60095C833 = {
			isa = PBXGroup;
			children = (
				9CE59C792E3CBBB60095C833 /* WONNIT */,
				9CE59C782E3CBBB60095C833 /* Products */,
				9CE511402E3F91E70003FDB2 /* Podfile */,
				9CC4CFEBBADB013A7B9562D3 /* Pods */,
				470A3BE63A00B95CF1003077 /* Frameworks */,
				9C4549B52E520402002C922B /* Recovered References */,
			);
			sourceTree = "<group>";
		};
		9CE59C782E3CBBB60095C833 /* Products */ = {
			isa = PBXGroup;
			children = (
				9CE59C772E3CBBB60095C833 /* WONNIT.app */,
			);
			name = Products;
			sourceTree = "<group>";
		};
/* End PBXGroup section */

/* Begin PBXNativeTarget section */
		9CE59C762E3CBBB60095C833 /* WONNIT */ = {
			isa = PBXNativeTarget;
			buildConfigurationList = 9CE59C822E3CBBB70095C833 /* Build configuration list for PBXNativeTarget "WONNIT" */;
			buildPhases = (
				64D86F8E62CD5948E7B10C9D /* [CP] Check Pods Manifest.lock */,
				9CE59C732E3CBBB60095C833 /* Sources */,
				9CE59C742E3CBBB60095C833 /* Frameworks */,
				9CE59C752E3CBBB60095C833 /* Resources */,
				4EF6C30DE71A9AEE21E4F0A1 /* [CP] Copy Pods Resources */,
			);
			buildRules = (
			);
			dependencies = (
				9CED85872E596D5D00AD70BF /* PBXTargetDependency */,
			);
			fileSystemSynchronizedGroups = (
				9CE59C792E3CBBB60095C833 /* WONNIT */,
			);
			name = WONNIT;
			productName = WONNIT;
			productReference = 9CE59C772E3CBBB60095C833 /* WONNIT.app */;
			productType = "com.apple.product-type.application";
		};
/* End PBXNativeTarget section */

/* Begin PBXProject section */
		9CE59C6F2E3CBBB60095C833 /* Project object */ = {
			isa = PBXProject;
			attributes = {
				BuildIndependentTargetsInParallel = 1;
				LastSwiftUpdateCheck = 1640;
				LastUpgradeCheck = 1640;
				TargetAttributes = {
					9CE59C762E3CBBB60095C833 = {
						CreatedOnToolsVersion = 16.4;
					};
				};
			};
			buildConfigurationList = 9CE59C722E3CBBB60095C833 /* Build configuration list for PBXProject "WONNIT" */;
			developmentRegion = en;
			hasScannedForEncodings = 0;
			knownRegions = (
				en,
				Base,
			);
			mainGroup = 9CE59C6E2E3CBBB60095C833;
			minimizedProjectReferenceProxies = 1;
			packageReferences = (
				9CED857B2E596D1900AD70BF /* XCRemoteSwiftPackageReference "swift-openapi-generator" */,
				9CED85802E596D3A00AD70BF /* XCRemoteSwiftPackageReference "swift-openapi-runtime" */,
				9CED85832E596D5200AD70BF /* XCRemoteSwiftPackageReference "swift-openapi-urlsession" */,
			);
			preferredProjectObjectVersion = 77;
			productRefGroup = 9CE59C782E3CBBB60095C833 /* Products */;
			projectDirPath = "";
			projectRoot = "";
			targets = (
				9CE59C762E3CBBB60095C833 /* WONNIT */,
			);
		};
/* End PBXProject section */

/* Begin PBXResourcesBuildPhase section */
		9CE59C752E3CBBB60095C833 /* Resources */ = {
			isa = PBXResourcesBuildPhase;
			buildActionMask = 2147483647;
			files = (
				9CE511412E3F91E70003FDB2 /* Podfile in Resources */,
			);
			runOnlyForDeploymentPostprocessing = 0;
		};
/* End PBXResourcesBuildPhase section */

/* Begin PBXShellScriptBuildPhase section */
		4EF6C30DE71A9AEE21E4F0A1 /* [CP] Copy Pods Resources */ = {
			isa = PBXShellScriptBuildPhase;
			buildActionMask = 2147483647;
			files = (
			);
			inputFileListPaths = (
				"${PODS_ROOT}/Target Support Files/Pods-WONNIT/Pods-WONNIT-resources-${CONFIGURATION}-input-files.xcfilelist",
			);
			inputPaths = (
			);
			name = "[CP] Copy Pods Resources";
			outputFileListPaths = (
				"${PODS_ROOT}/Target Support Files/Pods-WONNIT/Pods-WONNIT-resources-${CONFIGURATION}-output-files.xcfilelist",
			);
			outputPaths = (
			);
			runOnlyForDeploymentPostprocessing = 0;
			shellPath = /bin/sh;
			shellScript = "\"${PODS_ROOT}/Target Support Files/Pods-WONNIT/Pods-WONNIT-resources.sh\"\n";
			showEnvVarsInLog = 0;
		};
		64D86F8E62CD5948E7B10C9D /* [CP] Check Pods Manifest.lock */ = {
			isa = PBXShellScriptBuildPhase;
			buildActionMask = 2147483647;
			files = (
			);
			inputFileListPaths = (
			);
			inputPaths = (
				"${PODS_PODFILE_DIR_PATH}/Podfile.lock",
				"${PODS_ROOT}/Manifest.lock",
			);
			name = "[CP] Check Pods Manifest.lock";
			outputFileListPaths = (
			);
			outputPaths = (
				"$(DERIVED_FILE_DIR)/Pods-WONNIT-checkManifestLockResult.txt",
			);
			runOnlyForDeploymentPostprocessing = 0;
			shellPath = /bin/sh;
			shellScript = "diff \"${PODS_PODFILE_DIR_PATH}/Podfile.lock\" \"${PODS_ROOT}/Manifest.lock\" > /dev/null\nif [ $? != 0 ] ; then\n    # print error to STDERR\n    echo \"error: The sandbox is not in sync with the Podfile.lock. Run 'pod install' or update your CocoaPods installation.\" >&2\n    exit 1\nfi\n# This output is used by Xcode 'outputs' to avoid re-running this script phase.\necho \"SUCCESS\" > \"${SCRIPT_OUTPUT_FILE_0}\"\n";
			showEnvVarsInLog = 0;
		};
/* End PBXShellScriptBuildPhase section */

/* Begin PBXSourcesBuildPhase section */
		9CE59C732E3CBBB60095C833 /* Sources */ = {
			isa = PBXSourcesBuildPhase;
			buildActionMask = 2147483647;
			files = (
			);
			runOnlyForDeploymentPostprocessing = 0;
		};
/* End PBXSourcesBuildPhase section */

/* Begin PBXTargetDependency section */
		9CED85872E596D5D00AD70BF /* PBXTargetDependency */ = {
			isa = PBXTargetDependency;
			productRef = 9CED85862E596D5D00AD70BF /* OpenAPIGenerator */;
		};
/* End PBXTargetDependency section */

/* Begin XCBuildConfiguration section */
		9CE59C802E3CBBB70095C833 /* Debug */ = {
			isa = XCBuildConfiguration;
			buildSettings = {
				ALWAYS_SEARCH_USER_PATHS = NO;
				ASSETCATALOG_COMPILER_GENERATE_SWIFT_ASSET_SYMBOL_EXTENSIONS = YES;
				CLANG_ANALYZER_NONNULL = YES;
				CLANG_ANALYZER_NUMBER_OBJECT_CONVERSION = YES_AGGRESSIVE;
				CLANG_CXX_LANGUAGE_STANDARD = "gnu++20";
				CLANG_ENABLE_MODULES = YES;
				CLANG_ENABLE_OBJC_ARC = YES;
				CLANG_ENABLE_OBJC_WEAK = YES;
				CLANG_WARN_BLOCK_CAPTURE_AUTORELEASING = YES;
				CLANG_WARN_BOOL_CONVERSION = YES;
				CLANG_WARN_COMMA = YES;
				CLANG_WARN_CONSTANT_CONVERSION = YES;
				CLANG_WARN_DEPRECATED_OBJC_IMPLEMENTATIONS = YES;
				CLANG_WARN_DIRECT_OBJC_ISA_USAGE = YES_ERROR;
				CLANG_WARN_DOCUMENTATION_COMMENTS = YES;
				CLANG_WARN_EMPTY_BODY = YES;
				CLANG_WARN_ENUM_CONVERSION = YES;
				CLANG_WARN_INFINITE_RECURSION = YES;
				CLANG_WARN_INT_CONVERSION = YES;
				CLANG_WARN_NON_LITERAL_NULL_CONVERSION = YES;
				CLANG_WARN_OBJC_IMPLICIT_RETAIN_SELF = YES;
				CLANG_WARN_OBJC_LITERAL_CONVERSION = YES;
				CLANG_WARN_OBJC_ROOT_CLASS = YES_ERROR;
				CLANG_WARN_QUOTED_INCLUDE_IN_FRAMEWORK_HEADER = YES;
				CLANG_WARN_RANGE_LOOP_ANALYSIS = YES;
				CLANG_WARN_STRICT_PROTOTYPES = YES;
				CLANG_WARN_SUSPICIOUS_MOVE = YES;
				CLANG_WARN_UNGUARDED_AVAILABILITY = YES_AGGRESSIVE;
				CLANG_WARN_UNREACHABLE_CODE = YES;
				CLANG_WARN__DUPLICATE_METHOD_MATCH = YES;
				COPY_PHASE_STRIP = NO;
				DEBUG_INFORMATION_FORMAT = dwarf;
				DEVELOPMENT_TEAM = 3X4434LYHD;
				ENABLE_STRICT_OBJC_MSGSEND = YES;
				ENABLE_TESTABILITY = YES;
				ENABLE_USER_SCRIPT_SANDBOXING = NO;
				GCC_C_LANGUAGE_STANDARD = gnu17;
				GCC_DYNAMIC_NO_PIC = NO;
				GCC_NO_COMMON_BLOCKS = YES;
				GCC_OPTIMIZATION_LEVEL = 0;
				GCC_PREPROCESSOR_DEFINITIONS = (
					"DEBUG=1",
					"$(inherited)",
				);
				GCC_WARN_64_TO_32_BIT_CONVERSION = YES;
				GCC_WARN_ABOUT_RETURN_TYPE = YES_ERROR;
				GCC_WARN_UNDECLARED_SELECTOR = YES;
				GCC_WARN_UNINITIALIZED_AUTOS = YES_AGGRESSIVE;
				GCC_WARN_UNUSED_FUNCTION = YES;
				GCC_WARN_UNUSED_VARIABLE = YES;
				IPHONEOS_DEPLOYMENT_TARGET = 18.5;
				LOCALIZATION_PREFERS_STRING_CATALOGS = YES;
				MTL_ENABLE_DEBUG_INFO = INCLUDE_SOURCE;
				MTL_FAST_MATH = YES;
				ONLY_ACTIVE_ARCH = YES;
				SDKROOT = iphoneos;
				SWIFT_ACTIVE_COMPILATION_CONDITIONS = "DEBUG $(inherited)";
				SWIFT_OPTIMIZATION_LEVEL = "-Onone";
			};
			name = Debug;
		};
		9CE59C812E3CBBB70095C833 /* Release */ = {
			isa = XCBuildConfiguration;
			buildSettings = {
				ALWAYS_SEARCH_USER_PATHS = NO;
				ASSETCATALOG_COMPILER_GENERATE_SWIFT_ASSET_SYMBOL_EXTENSIONS = YES;
				CLANG_ANALYZER_NONNULL = YES;
				CLANG_ANALYZER_NUMBER_OBJECT_CONVERSION = YES_AGGRESSIVE;
				CLANG_CXX_LANGUAGE_STANDARD = "gnu++20";
				CLANG_ENABLE_MODULES = YES;
				CLANG_ENABLE_OBJC_ARC = YES;
				CLANG_ENABLE_OBJC_WEAK = YES;
				CLANG_WARN_BLOCK_CAPTURE_AUTORELEASING = YES;
				CLANG_WARN_BOOL_CONVERSION = YES;
				CLANG_WARN_COMMA = YES;
				CLANG_WARN_CONSTANT_CONVERSION = YES;
				CLANG_WARN_DEPRECATED_OBJC_IMPLEMENTATIONS = YES;
				CLANG_WARN_DIRECT_OBJC_ISA_USAGE = YES_ERROR;
				CLANG_WARN_DOCUMENTATION_COMMENTS = YES;
				CLANG_WARN_EMPTY_BODY = YES;
				CLANG_WARN_ENUM_CONVERSION = YES;
				CLANG_WARN_INFINITE_RECURSION = YES;
				CLANG_WARN_INT_CONVERSION = YES;
				CLANG_WARN_NON_LITERAL_NULL_CONVERSION = YES;
				CLANG_WARN_OBJC_IMPLICIT_RETAIN_SELF = YES;
				CLANG_WARN_OBJC_LITERAL_CONVERSION = YES;
				CLANG_WARN_OBJC_ROOT_CLASS = YES_ERROR;
				CLANG_WARN_QUOTED_INCLUDE_IN_FRAMEWORK_HEADER = YES;
				CLANG_WARN_RANGE_LOOP_ANALYSIS = YES;
				CLANG_WARN_STRICT_PROTOTYPES = YES;
				CLANG_WARN_SUSPICIOUS_MOVE = YES;
				CLANG_WARN_UNGUARDED_AVAILABILITY = YES_AGGRESSIVE;
				CLANG_WARN_UNREACHABLE_CODE = YES;
				CLANG_WARN__DUPLICATE_METHOD_MATCH = YES;
				COPY_PHASE_STRIP = NO;
				DEBUG_INFORMATION_FORMAT = "dwarf-with-dsym";
				DEVELOPMENT_TEAM = 3X4434LYHD;
				ENABLE_NS_ASSERTIONS = NO;
				ENABLE_STRICT_OBJC_MSGSEND = YES;
				ENABLE_USER_SCRIPT_SANDBOXING = NO;
				GCC_C_LANGUAGE_STANDARD = gnu17;
				GCC_NO_COMMON_BLOCKS = YES;
				GCC_WARN_64_TO_32_BIT_CONVERSION = YES;
				GCC_WARN_ABOUT_RETURN_TYPE = YES_ERROR;
				GCC_WARN_UNDECLARED_SELECTOR = YES;
				GCC_WARN_UNINITIALIZED_AUTOS = YES_AGGRESSIVE;
				GCC_WARN_UNUSED_FUNCTION = YES;
				GCC_WARN_UNUSED_VARIABLE = YES;
				IPHONEOS_DEPLOYMENT_TARGET = 18.5;
				LOCALIZATION_PREFERS_STRING_CATALOGS = YES;
				MTL_ENABLE_DEBUG_INFO = NO;
				MTL_FAST_MATH = YES;
				SDKROOT = iphoneos;
				SWIFT_COMPILATION_MODE = wholemodule;
				VALIDATE_PRODUCT = YES;
			};
			name = Release;
		};
		9CE59C832E3CBBB70095C833 /* Debug */ = {
			isa = XCBuildConfiguration;
			baseConfigurationReference = D011ED17C00001 /* Debug.xcconfig */;
			buildSettings = {
				ASSETCATALOG_COMPILER_APPICON_NAME = AppIcon;
				ASSETCATALOG_COMPILER_GLOBAL_ACCENT_COLOR_NAME = AccentColor;
				ASSETCATALOG_COMPILER_INCLUDE_ALL_APPICON_ASSETS = YES;
				CODE_SIGN_IDENTITY = "Apple Development";
				CODE_SIGN_STYLE = Automatic;
				CURRENT_PROJECT_VERSION = 253;
				DEVELOPMENT_TEAM = 3X4434LYHD;
				ENABLE_PREVIEWS = YES;
				GENERATE_INFOPLIST_FILE = YES;
				INFOPLIST_FILE = WONNIT/Info.plist;
				INFOPLIST_KEY_CFBundleDisplayName = "워닛";
				INFOPLIST_KEY_LSApplicationCategoryType = "public.app-category.lifestyle";
				INFOPLIST_KEY_NSCameraUsageDescription = "공간 사진을 등록하기 위해 카메라를 사용합니다.";
				INFOPLIST_KEY_NSLocationWhenInUseUsageDescription = "사용자의 현재 위치를 기반으로 주변 공간을 추천해드립니다.";
				INFOPLIST_KEY_UIApplicationSceneManifest_Generation = YES;
				INFOPLIST_KEY_UIApplicationSupportsIndirectInputEvents = YES;
				INFOPLIST_KEY_UILaunchScreen_Generation = YES;
				INFOPLIST_KEY_UILaunchStoryboardName = LaunchScreen.storyboard;
				INFOPLIST_KEY_UIRequiresFullScreen = YES;
				INFOPLIST_KEY_UISupportedInterfaceOrientations = UIInterfaceOrientationPortrait;
				INFOPLIST_KEY_UIUserInterfaceStyle = Light;
				IPHONEOS_DEPLOYMENT_TARGET = 18.0;
				LD_RUNPATH_SEARCH_PATHS = (
					"$(inherited)",
					"@executable_path/Frameworks",
				);
				MARKETING_VERSION = 1.1;
				PRODUCT_BUNDLE_IDENTIFIER = com.dohyeoplim.WONNIT;
				PRODUCT_NAME = "$(TARGET_NAME)";
				PROVISIONING_PROFILE_SPECIFIER = "";
				SUPPORTED_PLATFORMS = "iphoneos iphonesimulator";
				SUPPORTS_MACCATALYST = NO;
				SUPPORTS_MAC_DESIGNED_FOR_IPHONE_IPAD = NO;
				SUPPORTS_XR_DESIGNED_FOR_IPHONE_IPAD = NO;
				SWIFT_EMIT_LOC_STRINGS = YES;
				SWIFT_VERSION = 5.0;
				TARGETED_DEVICE_FAMILY = "1,2";
			};
			name = Debug;
		};
		9CE59C842E3CBBB70095C833 /* Release */ = {
			isa = XCBuildConfiguration;
			baseConfigurationReference = D011ED17C00002 /* Release.xcconfig */;
			buildSettings = {
				ASSETCATALOG_COMPILER_APPICON_NAME = AppIcon;
				ASSETCATALOG_COMPILER_GLOBAL_ACCENT_COLOR_NAME = AccentColor;
				ASSETCATALOG_COMPILER_INCLUDE_ALL_APPICON_ASSETS = YES;
				CODE_SIGN_IDENTITY = "Apple Development";
				CODE_SIGN_STYLE = Automatic;
				CURRENT_PROJECT_VERSION = 253;
				DEVELOPMENT_TEAM = 3X4434LYHD;
				ENABLE_PREVIEWS = YES;
				GENERATE_INFOPLIST_FILE = YES;
				INFOPLIST_FILE = WONNIT/Info.plist;
				INFOPLIST_KEY_CFBundleDisplayName = "워닛";
				INFOPLIST_KEY_LSApplicationCategoryType = "public.app-category.lifestyle";
				INFOPLIST_KEY_NSCameraUsageDescription = "공간 사진을 등록하기 위해 카메라를 사용합니다.";
				INFOPLIST_KEY_NSLocationWhenInUseUsageDescription = "사용자의 현재 위치를 기반으로 주변 공간을 추천해드립니다.";
				INFOPLIST_KEY_UIApplicationSceneManifest_Generation = YES;
				INFOPLIST_KEY_UIApplicationSupportsIndirectInputEvents = YES;
				INFOPLIST_KEY_UILaunchScreen_Generation = YES;
				INFOPLIST_KEY_UILaunchStoryboardName = LaunchScreen.storyboard;
				INFOPLIST_KEY_UIRequiresFullScreen = YES;
				INFOPLIST_KEY_UISupportedInterfaceOrientations = UIInterfaceOrientationPortrait;
				INFOPLIST_KEY_UIUserInterfaceStyle = Light;
				IPHONEOS_DEPLOYMENT_TARGET = 18.0;
				LD_RUNPATH_SEARCH_PATHS = (
					"$(inherited)",
					"@executable_path/Frameworks",
				);
				MARKETING_VERSION = 1.1;
				PRODUCT_BUNDLE_IDENTIFIER = com.dohyeoplim.WONNIT;
				PRODUCT_NAME = "$(TARGET_NAME)";
				PROVISIONING_PROFILE_SPECIFIER = "";
				SUPPORTED_PLATFORMS = "iphoneos iphonesimulator";
				SUPPORTS_MACCATALYST = NO;
				SUPPORTS_MAC_DESIGNED_FOR_IPHONE_IPAD = NO;
				SUPPORTS_XR_DESIGNED_FOR_IPHONE_IPAD = NO;
				SWIFT_EMIT_LOC_STRINGS = YES;
				SWIFT_VERSION = 5.0;
				TARGETED_DEVICE_FAMILY = "1,2";
			};
			name = Release;
		};
/* End XCBuildConfiguration section */

/* Begin XCConfigurationList section */
		9CE59C722E3CBBB60095C833 /* Build configuration list for PBXProject "WONNIT" */ = {
			isa = XCConfigurationList;
			buildConfigurations = (
				9CE59C802E3CBBB70095C833 /* Debug */,
				9CE59C812E3CBBB70095C833 /* Release */,
			);
			defaultConfigurationIsVisible = 0;
			defaultConfigurationName = Release;
		};
		9CE59C822E3CBBB70095C833 /* Build configuration list for PBXNativeTarget "WONNIT" */ = {
			isa = XCConfigurationList;
			buildConfigurations = (
				9CE59C832E3CBBB70095C833 /* Debug */,
				9CE59C842E3CBBB70095C833 /* Release */,
			);
			defaultConfigurationIsVisible = 0;
			defaultConfigurationName = Release;
		};
/* End XCConfigurationList section */

/* Begin XCRemoteSwiftPackageReference section */
		9CED857B2E596D1900AD70BF /* XCRemoteSwiftPackageReference "swift-openapi-generator" */ = {
			isa = XCRemoteSwiftPackageReference;
			repositoryURL = "https://github.com/apple/swift-openapi-generator";
			requirement = {
				kind = upToNextMinorVersion;
				minimumVersion = 1.10.2;
			};
		};
		9CED85802E596D3A00AD70BF /* XCRemoteSwiftPackageReference "swift-openapi-runtime" */ = {
			isa = XCRemoteSwiftPackageReference;
			repositoryURL = "https://github.com/apple/swift-openapi-runtime";
			requirement = {
				kind = upToNextMinorVersion;
				minimumVersion = 1.8.2;
			};
		};
		9CED85832E596D5200AD70BF /* XCRemoteSwiftPackageReference "swift-openapi-urlsession" */ = {
			isa = XCRemoteSwiftPackageReference;
			repositoryURL = "https://github.com/apple/swift-openapi-urlsession";
			requirement = {
				kind = upToNextMinorVersion;
				minimumVersion = 1.1.0;
			};
		};
/* End XCRemoteSwiftPackageReference section */

/* Begin XCSwiftPackageProductDependency section */
		9CED85812E596D3A00AD70BF /* OpenAPIRuntime */ = {
			isa = XCSwiftPackageProductDependency;
			package = 9CED85802E596D3A00AD70BF /* XCRemoteSwiftPackageReference "swift-openapi-runtime" */;
			productName = OpenAPIRuntime;
		};
		9CED85842E596D5200AD70BF /* OpenAPIURLSession */ = {
			isa = XCSwiftPackageProductDependency;
			package = 9CED85832E596D5200AD70BF /* XCRemoteSwiftPackageReference "swift-openapi-urlsession" */;
			productName = OpenAPIURLSession;
		};
		9CED85862E596D5D00AD70BF /* OpenAPIGenerator */ = {
			isa = XCSwiftPackageProductDependency;
			package = 9CED857B2E596D1900AD70BF /* XCRemoteSwiftPackageReference "swift-openapi-generator" */;
			productName = "plugin:OpenAPIGenerator";
		};
/* End XCSwiftPackageProductDependency section */
	};
	rootObject = 9CE59C6F2E3CBBB60095C833 /* Project object */;
}
